
Microsoft Visual Studio Solution File, Format Version 12.00
Project("{FAE04EC0-301F-11D3-BF4B-00C04F79EFBC}") = "CalculatorLib.Lib", "CalculatorLib.Lib\CalculatorLib.Lib.csproj", "{4E3BE742-6EC8-42B9-A2A7-F1C1F816C2DB}"
EndProject
Project("{FAE04EC0-301F-11D3-BF4B-00C04F79EFBC}") = "CalculatorLib.ConsoleTest", "CalculatorLib.ConsoleTest\CalculatorLib.ConsoleTest.csproj", "{4F880B63-2005-4792-9E9C-5322D6B2FC16}"
EndProject
Project("{FAE04EC0-301F-11D3-BF4B-00C04F79EFBC}") = "CalculatorLib.Test", "CalculatorLib.Test\CalculatorLib.Test.csproj", "{E4A27111-F6AE-499A-833F-58A06B71A0BC}"
EndProject
Global
	GlobalSection(SolutionConfigurationPlatforms) = preSolution
		Debug|Any CPU = Debug|Any CPU
		Release|Any CPU = Release|Any CPU
	EndGlobalSection
	GlobalSection(ProjectConfigurationPlatforms) = postSolution
		{4E3BE742-6EC8-42B9-A2A7-F1C1F816C2DB}.Debug|Any CPU.ActiveCfg = Debug|Any CPU
		{4E3BE742-6EC8-42B9-A2A7-F1C1F816C2DB}.Debug|Any CPU.Build.0 = Debug|Any CPU
		{4E3BE742-6EC8-42B9-A2A7-F1C1F816C2DB}.Release|Any CPU.ActiveCfg = Release|Any CPU
		{4E3BE742-6EC8-42B9-A2A7-F1C1F816C2DB}.Release|Any CPU.Build.0 = Release|Any CPU
		{4F880B63-2005-4792-9E9C-5322D6B2FC16}.Debug|Any CPU.ActiveCfg = Debug|Any CPU
		{4F880B63-2005-4792-9E9C-5322D6B2FC16}.Debug|Any CPU.Build.0 = Debug|Any CPU
		{4F880B63-2005-4792-9E9C-5322D6B2FC16}.Release|Any CPU.ActiveCfg = Release|Any CPU
		{4F880B63-2005-4792-9E9C-5322D6B2FC16}.Release|Any CPU.Build.0 = Release|Any CPU
		{E4A27111-F6AE-499A-833F-58A06B71A0BC}.Debug|Any CPU.ActiveCfg = Debug|Any CPU
		{E4A27111-F6AE-499A-833F-58A06B71A0BC}.Debug|Any CPU.Build.0 = Debug|Any CPU
		{E4A27111-F6AE-499A-833F-58A06B71A0BC}.Release|Any CPU.ActiveCfg = Release|Any CPU
		{E4A27111-F6AE-499A-833F-58A06B71A0BC}.Release|Any CPU.Build.0 = Release|Any CPU
	EndGlobalSection
EndGlobal
